
Microsoft Visual Studio Solution File, Format Version 12.00
Project("{FAE04EC0-301F-11D3-BF4B-00C04F79EFBC}") = "lab2", "lab2.csproj", "{07B652A2-96F9-4B1B-B5BC-2E38116B725A}"
EndProject
Global
	GlobalSection(SolutionConfigurationPlatforms) = preSolution
		Debug|Any CPU = Debug|Any CPU
		Release|Any CPU = Release|Any CPU
	EndGlobalSection
	GlobalSection(ProjectConfigurationPlatforms) = postSolution
		{07B652A2-96F9-4B1B-B5BC-2E38116B725A}.Debug|Any CPU.ActiveCfg = Debug|Any CPU
		{07B652A2-96F9-4B1B-B5BC-2E38116B725A}.Debug|Any CPU.Build.0 = Debug|Any CPU
		{07B652A2-96F9-4B1B-B5BC-2E38116B725A}.Release|Any CPU.ActiveCfg = Release|Any CPU
		{07B652A2-96F9-4B1B-B5BC-2E38116B725A}.Release|Any CPU.Build.0 = Release|Any CPU
	EndGlobalSection
EndGlobal
